
Microsoft Visual Studio Solution File, Format Version 12.00
# Visual Studio Version 17
VisualStudioVersion = 17.12.35707.178
MinimumVisualStudioVersion = 10.0.40219.1
Project("{2150E333-8FDC-42A3-9474-1A3956D46DE8}") = "services", "services", "{AD5D32AE-4268-4627-9C7D-703D7005C824}"
EndProject
Project("{2150E333-8FDC-42A3-9474-1A3956D46DE8}") = "catalog", "catalog", "{8280D42C-F65B-4647-A3BE-9A3758F8562E}"
EndProject
Project("{FAE04EC0-301F-11D3-BF4B-00C04F79EFBC}") = "Catalog.API", "services\catalog\Catalog.API\Catalog.API.csproj", "{B1F168EB-D547-4AE3-875C-76598C7DE0D5}"
EndProject
Project("{FAE04EC0-301F-11D3-BF4B-00C04F79EFBC}") = "Catalog.Application", "services\catalog\Catalog.Application\Catalog.Application.csproj", "{EFFB3973-EBC8-4AF4-A787-A980ED68AB96}"
EndProject
Project("{FAE04EC0-301F-11D3-BF4B-00C04F79EFBC}") = "Catalog.Core", "services\catalog\Catalog.Core\Catalog.Core.csproj", "{074408F2-2023-4137-B6EB-4F12FC455A66}"
EndProject
Project("{FAE04EC0-301F-11D3-BF4B-00C04F79EFBC}") = "Catalog.Infrastructure", "services\catalog\Catalog.Infrastructure\Catalog.Infrastructure.csproj", "{1F741369-8DC0-4B21-A3B3-8BFB08850620}"
EndProject
Project("{E53339B2-1760-4266-BCC7-CA923CBCF16C}") = "docker-compose", "docker-compose.dcproj", "{68151940-5AC2-454A-B951-EF25AA30B202}"
EndProject
Project("{2150E333-8FDC-42A3-9474-1A3956D46DE8}") = "Basket", "Basket", "{77440BB2-808A-459D-BE27-DA4330029DAA}"
EndProject
Project("{FAE04EC0-301F-11D3-BF4B-00C04F79EFBC}") = "Basket.API", "services\Basket\Basket.API\Basket.API.csproj", "{8E05A6AF-7870-486E-ABFC-068246296796}"
EndProject
Project("{FAE04EC0-301F-11D3-BF4B-00C04F79EFBC}") = "Basket.Application", "services\Basket\Basket.Application\Basket.Application.csproj", "{964EC3B3-BF25-4904-A9D3-614CCEB34324}"
EndProject
Project("{FAE04EC0-301F-11D3-BF4B-00C04F79EFBC}") = "Basket.Core", "services\Basket\Basket.Core\Basket.Core.csproj", "{2983116D-FD30-4CE7-A3D0-E6B4EFF12189}"
EndProject
Project("{FAE04EC0-301F-11D3-BF4B-00C04F79EFBC}") = "Basket.Infrastructure", "services\Basket\Basket.Infrastructure\Basket.Infrastructure.csproj", "{81A3ECD2-8D77-41B0-8E08-0B6B3500510D}"
EndProject
Project("{2150E333-8FDC-42A3-9474-1A3956D46DE8}") = "Discount", "Discount", "{4C391F80-443A-4964-B59F-5755260007E2}"
EndProject
Project("{FAE04EC0-301F-11D3-BF4B-00C04F79EFBC}") = "Discount.API", "services\Discount\Discount.API\Discount.API.csproj", "{FC1212F7-5FA7-41B9-92C4-C04D35A69ACF}"
EndProject
Project("{FAE04EC0-301F-11D3-BF4B-00C04F79EFBC}") = "Discount.Infrastructure", "services\Discount\Discount.Infrastructure\Discount.Infrastructure.csproj", "{2B745EA6-ACF9-443C-880B-A57680D82319}"
EndProject
Project("{FAE04EC0-301F-11D3-BF4B-00C04F79EFBC}") = "Discount.Application", "services\Discount\Discount.Application\Discount.Application.csproj", "{6E72591D-0B37-472D-A4BE-7BC42B1995BD}"
EndProject
Project("{FAE04EC0-301F-11D3-BF4B-00C04F79EFBC}") = "Discount.Core", "services\Discount\Discount.Core\Discount.Core.csproj", "{4EF0F76A-F67B-459D-9191-F8A173C1A32C}"
EndProject
Project("{2150E333-8FDC-42A3-9474-1A3956D46DE8}") = "Ordering", "Ordering", "{FE10DD7F-7C3E-4A05-98D4-614F75C69B14}"
EndProject
Project("{FAE04EC0-301F-11D3-BF4B-00C04F79EFBC}") = "Ordering.API", "services\Ordering\Ordering.API\Ordering.API.csproj", "{7B3B2EBE-A823-4EB2-B3B1-E635EF554324}"
EndProject
Project("{FAE04EC0-301F-11D3-BF4B-00C04F79EFBC}") = "Ordering.Application", "services\Ordering\Ordering.Application\Ordering.Application.csproj", "{39F11A68-0EFC-47E6-B996-80F492C607D9}"
EndProject
Project("{FAE04EC0-301F-11D3-BF4B-00C04F79EFBC}") = "Ordering.Core", "services\Ordering\Ordering.Core\Ordering.Core.csproj", "{08562DDC-E673-496F-B8E8-5A27FFC7E5C2}"
EndProject
Project("{FAE04EC0-301F-11D3-BF4B-00C04F79EFBC}") = "Ordering.Infrastructure", "services\Ordering\Ordering.Infrastructure\Ordering.Infrastructure.csproj", "{57BAF333-0DDA-42B0-BF78-4362127FCBF5}"
EndProject
Project("{2150E333-8FDC-42A3-9474-1A3956D46DE8}") = "Infrastructure", "Infrastructure", "{0CDA9ECA-5570-4A0C-873C-7B283C9C6627}"
EndProject
Project("{FAE04EC0-301F-11D3-BF4B-00C04F79EFBC}") = "EventBus.Messages", "Infrastructure\EventBus.Messages\EventBus.Messages.csproj", "{5B9A1626-6A26-48B2-9637-68CB65ECC5DE}"
EndProject
Project("{FAE04EC0-301F-11D3-BF4B-00C04F79EFBC}") = "Common.Logging", "Infrastructure\Common.Logging\Common.Logging.csproj", "{94BBA59F-31E9-413E-A066-9A4A150F2B17}"
EndProject
Global
	GlobalSection(SolutionConfigurationPlatforms) = preSolution
		Debug|Any CPU = Debug|Any CPU
		Release|Any CPU = Release|Any CPU
	EndGlobalSection
	GlobalSection(ProjectConfigurationPlatforms) = postSolution
		{B1F168EB-D547-4AE3-875C-76598C7DE0D5}.Debug|Any CPU.ActiveCfg = Debug|Any CPU
		{B1F168EB-D547-4AE3-875C-76598C7DE0D5}.Debug|Any CPU.Build.0 = Debug|Any CPU
		{B1F168EB-D547-4AE3-875C-76598C7DE0D5}.Release|Any CPU.ActiveCfg = Release|Any CPU
		{B1F168EB-D547-4AE3-875C-76598C7DE0D5}.Release|Any CPU.Build.0 = Release|Any CPU
		{EFFB3973-EBC8-4AF4-A787-A980ED68AB96}.Debug|Any CPU.ActiveCfg = Debug|Any CPU
		{EFFB3973-EBC8-4AF4-A787-A980ED68AB96}.Debug|Any CPU.Build.0 = Debug|Any CPU
		{EFFB3973-EBC8-4AF4-A787-A980ED68AB96}.Release|Any CPU.ActiveCfg = Release|Any CPU
		{EFFB3973-EBC8-4AF4-A787-A980ED68AB96}.Release|Any CPU.Build.0 = Release|Any CPU
		{074408F2-2023-4137-B6EB-4F12FC455A66}.Debug|Any CPU.ActiveCfg = Debug|Any CPU
		{074408F2-2023-4137-B6EB-4F12FC455A66}.Debug|Any CPU.Build.0 = Debug|Any CPU
		{074408F2-2023-4137-B6EB-4F12FC455A66}.Release|Any CPU.ActiveCfg = Release|Any CPU
		{074408F2-2023-4137-B6EB-4F12FC455A66}.Release|Any CPU.Build.0 = Release|Any CPU
		{1F741369-8DC0-4B21-A3B3-8BFB08850620}.Debug|Any CPU.ActiveCfg = Debug|Any CPU
		{1F741369-8DC0-4B21-A3B3-8BFB08850620}.Debug|Any CPU.Build.0 = Debug|Any CPU
		{1F741369-8DC0-4B21-A3B3-8BFB08850620}.Release|Any CPU.ActiveCfg = Release|Any CPU
		{1F741369-8DC0-4B21-A3B3-8BFB08850620}.Release|Any CPU.Build.0 = Release|Any CPU
		{68151940-5AC2-454A-B951-EF25AA30B202}.Debug|Any CPU.ActiveCfg = Debug|Any CPU
		{68151940-5AC2-454A-B951-EF25AA30B202}.Debug|Any CPU.Build.0 = Debug|Any CPU
		{68151940-5AC2-454A-B951-EF25AA30B202}.Release|Any CPU.ActiveCfg = Release|Any CPU
		{68151940-5AC2-454A-B951-EF25AA30B202}.Release|Any CPU.Build.0 = Release|Any CPU
		{8E05A6AF-7870-486E-ABFC-068246296796}.Debug|Any CPU.ActiveCfg = Debug|Any CPU
		{8E05A6AF-7870-486E-ABFC-068246296796}.Debug|Any CPU.Build.0 = Debug|Any CPU
		{8E05A6AF-7870-486E-ABFC-068246296796}.Release|Any CPU.ActiveCfg = Release|Any CPU
		{8E05A6AF-7870-486E-ABFC-068246296796}.Release|Any CPU.Build.0 = Release|Any CPU
		{964EC3B3-BF25-4904-A9D3-614CCEB34324}.Debug|Any CPU.ActiveCfg = Debug|Any CPU
		{964EC3B3-BF25-4904-A9D3-614CCEB34324}.Debug|Any CPU.Build.0 = Debug|Any CPU
		{964EC3B3-BF25-4904-A9D3-614CCEB34324}.Release|Any CPU.ActiveCfg = Release|Any CPU
		{964EC3B3-BF25-4904-A9D3-614CCEB34324}.Release|Any CPU.Build.0 = Release|Any CPU
		{2983116D-FD30-4CE7-A3D0-E6B4EFF12189}.Debug|Any CPU.ActiveCfg = Debug|Any CPU
		{2983116D-FD30-4CE7-A3D0-E6B4EFF12189}.Debug|Any CPU.Build.0 = Debug|Any CPU
		{2983116D-FD30-4CE7-A3D0-E6B4EFF12189}.Release|Any CPU.ActiveCfg = Release|Any CPU
		{2983116D-FD30-4CE7-A3D0-E6B4EFF12189}.Release|Any CPU.Build.0 = Release|Any CPU
		{81A3ECD2-8D77-41B0-8E08-0B6B3500510D}.Debug|Any CPU.ActiveCfg = Debug|Any CPU
		{81A3ECD2-8D77-41B0-8E08-0B6B3500510D}.Debug|Any CPU.Build.0 = Debug|Any CPU
		{81A3ECD2-8D77-41B0-8E08-0B6B3500510D}.Release|Any CPU.ActiveCfg = Release|Any CPU
		{81A3ECD2-8D77-41B0-8E08-0B6B3500510D}.Release|Any CPU.Build.0 = Release|Any CPU
		{FC1212F7-5FA7-41B9-92C4-C04D35A69ACF}.Debug|Any CPU.ActiveCfg = Debug|Any CPU
		{FC1212F7-5FA7-41B9-92C4-C04D35A69ACF}.Debug|Any CPU.Build.0 = Debug|Any CPU
		{FC1212F7-5FA7-41B9-92C4-C04D35A69ACF}.Release|Any CPU.ActiveCfg = Release|Any CPU
		{FC1212F7-5FA7-41B9-92C4-C04D35A69ACF}.Release|Any CPU.Build.0 = Release|Any CPU
		{2B745EA6-ACF9-443C-880B-A57680D82319}.Debug|Any CPU.ActiveCfg = Debug|Any CPU
		{2B745EA6-ACF9-443C-880B-A57680D82319}.Debug|Any CPU.Build.0 = Debug|Any CPU
		{2B745EA6-ACF9-443C-880B-A57680D82319}.Release|Any CPU.ActiveCfg = Release|Any CPU
		{2B745EA6-ACF9-443C-880B-A57680D82319}.Release|Any CPU.Build.0 = Release|Any CPU
		{6E72591D-0B37-472D-A4BE-7BC42B1995BD}.Debug|Any CPU.ActiveCfg = Debug|Any CPU
		{6E72591D-0B37-472D-A4BE-7BC42B1995BD}.Debug|Any CPU.Build.0 = Debug|Any CPU
		{6E72591D-0B37-472D-A4BE-7BC42B1995BD}.Release|Any CPU.ActiveCfg = Release|Any CPU
		{6E72591D-0B37-472D-A4BE-7BC42B1995BD}.Release|Any CPU.Build.0 = Release|Any CPU
		{4EF0F76A-F67B-459D-9191-F8A173C1A32C}.Debug|Any CPU.ActiveCfg = Debug|Any CPU
		{4EF0F76A-F67B-459D-9191-F8A173C1A32C}.Debug|Any CPU.Build.0 = Debug|Any CPU
		{4EF0F76A-F67B-459D-9191-F8A173C1A32C}.Release|Any CPU.ActiveCfg = Release|Any CPU
		{4EF0F76A-F67B-459D-9191-F8A173C1A32C}.Release|Any CPU.Build.0 = Release|Any CPU
		{7B3B2EBE-A823-4EB2-B3B1-E635EF554324}.Debug|Any CPU.ActiveCfg = Debug|Any CPU
		{7B3B2EBE-A823-4EB2-B3B1-E635EF554324}.Debug|Any CPU.Build.0 = Debug|Any CPU
		{7B3B2EBE-A823-4EB2-B3B1-E635EF554324}.Release|Any CPU.ActiveCfg = Release|Any CPU
		{7B3B2EBE-A823-4EB2-B3B1-E635EF554324}.Release|Any CPU.Build.0 = Release|Any CPU
		{39F11A68-0EFC-47E6-B996-80F492C607D9}.Debug|Any CPU.ActiveCfg = Debug|Any CPU
		{39F11A68-0EFC-47E6-B996-80F492C607D9}.Debug|Any CPU.Build.0 = Debug|Any CPU
		{39F11A68-0EFC-47E6-B996-80F492C607D9}.Release|Any CPU.ActiveCfg = Release|Any CPU
		{39F11A68-0EFC-47E6-B996-80F492C607D9}.Release|Any CPU.Build.0 = Release|Any CPU
		{08562DDC-E673-496F-B8E8-5A27FFC7E5C2}.Debug|Any CPU.ActiveCfg = Debug|Any CPU
		{08562DDC-E673-496F-B8E8-5A27FFC7E5C2}.Debug|Any CPU.Build.0 = Debug|Any CPU
		{08562DDC-E673-496F-B8E8-5A27FFC7E5C2}.Release|Any CPU.ActiveCfg = Release|Any CPU
		{08562DDC-E673-496F-B8E8-5A27FFC7E5C2}.Release|Any CPU.Build.0 = Release|Any CPU
		{57BAF333-0DDA-42B0-BF78-4362127FCBF5}.Debug|Any CPU.ActiveCfg = Debug|Any CPU
		{57BAF333-0DDA-42B0-BF78-4362127FCBF5}.Debug|Any CPU.Build.0 = Debug|Any CPU
		{57BAF333-0DDA-42B0-BF78-4362127FCBF5}.Release|Any CPU.ActiveCfg = Release|Any CPU
		{57BAF333-0DDA-42B0-BF78-4362127FCBF5}.Release|Any CPU.Build.0 = Release|Any CPU
		{5B9A1626-6A26-48B2-9637-68CB65ECC5DE}.Debug|Any CPU.ActiveCfg = Debug|Any CPU
		{5B9A1626-6A26-48B2-9637-68CB65ECC5DE}.Debug|Any CPU.Build.0 = Debug|Any CPU
		{5B9A1626-6A26-48B2-9637-68CB65ECC5DE}.Release|Any CPU.ActiveCfg = Release|Any CPU
		{5B9A1626-6A26-48B2-9637-68CB65ECC5DE}.Release|Any CPU.Build.0 = Release|Any CPU
		{94BBA59F-31E9-413E-A066-9A4A150F2B17}.Debug|Any CPU.ActiveCfg = Debug|Any CPU
		{94BBA59F-31E9-413E-A066-9A4A150F2B17}.Debug|Any CPU.Build.0 = Debug|Any CPU
		{94BBA59F-31E9-413E-A066-9A4A150F2B17}.Release|Any CPU.ActiveCfg = Release|Any CPU
		{94BBA59F-31E9-413E-A066-9A4A150F2B17}.Release|Any CPU.Build.0 = Release|Any CPU
	EndGlobalSection
	GlobalSection(SolutionProperties) = preSolution
		HideSolutionNode = FALSE
	EndGlobalSection
	GlobalSection(NestedProjects) = preSolution
		{8280D42C-F65B-4647-A3BE-9A3758F8562E} = {AD5D32AE-4268-4627-9C7D-703D7005C824}
		{B1F168EB-D547-4AE3-875C-76598C7DE0D5} = {8280D42C-F65B-4647-A3BE-9A3758F8562E}
		{EFFB3973-EBC8-4AF4-A787-A980ED68AB96} = {8280D42C-F65B-4647-A3BE-9A3758F8562E}
		{074408F2-2023-4137-B6EB-4F12FC455A66} = {8280D42C-F65B-4647-A3BE-9A3758F8562E}
		{1F741369-8DC0-4B21-A3B3-8BFB08850620} = {8280D42C-F65B-4647-A3BE-9A3758F8562E}
		{77440BB2-808A-459D-BE27-DA4330029DAA} = {AD5D32AE-4268-4627-9C7D-703D7005C824}
		{8E05A6AF-7870-486E-ABFC-068246296796} = {77440BB2-808A-459D-BE27-DA4330029DAA}
		{964EC3B3-BF25-4904-A9D3-614CCEB34324} = {77440BB2-808A-459D-BE27-DA4330029DAA}
		{2983116D-FD30-4CE7-A3D0-E6B4EFF12189} = {77440BB2-808A-459D-BE27-DA4330029DAA}
		{81A3ECD2-8D77-41B0-8E08-0B6B3500510D} = {77440BB2-808A-459D-BE27-DA4330029DAA}
		{4C391F80-443A-4964-B59F-5755260007E2} = {AD5D32AE-4268-4627-9C7D-703D7005C824}
		{FC1212F7-5FA7-41B9-92C4-C04D35A69ACF} = {4C391F80-443A-4964-B59F-5755260007E2}
		{2B745EA6-ACF9-443C-880B-A57680D82319} = {4C391F80-443A-4964-B59F-5755260007E2}
		{6E72591D-0B37-472D-A4BE-7BC42B1995BD} = {4C391F80-443A-4964-B59F-5755260007E2}
		{4EF0F76A-F67B-459D-9191-F8A173C1A32C} = {4C391F80-443A-4964-B59F-5755260007E2}
		{FE10DD7F-7C3E-4A05-98D4-614F75C69B14} = {AD5D32AE-4268-4627-9C7D-703D7005C824}
		{7B3B2EBE-A823-4EB2-B3B1-E635EF554324} = {FE10DD7F-7C3E-4A05-98D4-614F75C69B14}
		{39F11A68-0EFC-47E6-B996-80F492C607D9} = {FE10DD7F-7C3E-4A05-98D4-614F75C69B14}
		{08562DDC-E673-496F-B8E8-5A27FFC7E5C2} = {FE10DD7F-7C3E-4A05-98D4-614F75C69B14}
		{57BAF333-0DDA-42B0-BF78-4362127FCBF5} = {FE10DD7F-7C3E-4A05-98D4-614F75C69B14}
		{5B9A1626-6A26-48B2-9637-68CB65ECC5DE} = {0CDA9ECA-5570-4A0C-873C-7B283C9C6627}
		{94BBA59F-31E9-413E-A066-9A4A150F2B17} = {0CDA9ECA-5570-4A0C-873C-7B283C9C6627}
	EndGlobalSection
EndGlobal
