
Microsoft Visual Studio Solution File, Format Version 12.00
# Visual Studio Version 17
VisualStudioVersion = 17.14.36408.4
MinimumVisualStudioVersion = 10.0.40219.1
Project("{2150E333-8FDC-42A3-9474-1A3956D46DE8}") = "services", "services", "{02EA681E-C7D8-13C7-8484-4AC65E1B71E8}"
EndProject
Project("{2150E333-8FDC-42A3-9474-1A3956D46DE8}") = "catalog", "catalog", "{A81526FA-D148-4471-926B-1872C6A49B4E}"
EndProject
Project("{FAE04EC0-301F-11D3-BF4B-00C04F79EFBC}") = "Catalog.API", "services\catalog\Catalog.API\Catalog.API.csproj", "{7CA3525F-9D96-4908-8306-02982544EF01}"
EndProject
Project("{FAE04EC0-301F-11D3-BF4B-00C04F79EFBC}") = "Catalog.Application", "services\catalog\Catalog.Application\Catalog.Application.csproj", "{F11CCD31-4BE1-41BB-90D2-9561CC250698}"
EndProject
Project("{FAE04EC0-301F-11D3-BF4B-00C04F79EFBC}") = "Catalog.Core", "services\catalog\Catalog.Core\Catalog.Core.csproj", "{AF699BBA-450B-4032-8ACC-3CAB9BFEC76F}"
EndProject
Project("{FAE04EC0-301F-11D3-BF4B-00C04F79EFBC}") = "Catalog.Infrastructure", "services\catalog\Catalog.Infrastructure\Catalog.Infrastructure.csproj", "{44BC32F3-45A0-4B7A-9321-D36D78C986A0}"
EndProject
Project("{E53339B2-1760-4266-BCC7-CA923CBCF16C}") = "docker-compose", "docker-compose.dcproj", "{81DDED9D-158B-E303-5F62-77A2896D2A5A}"
EndProject
Project("{2150E333-8FDC-42A3-9474-1A3956D46DE8}") = "Basket", "Basket", "{FCB9F314-86E1-4F0D-93C3-5018721C512F}"
EndProject
Project("{FAE04EC0-301F-11D3-BF4B-00C04F79EFBC}") = "Basket.APi", "services\Basket\Basket.APi\Basket.APi.csproj", "{E740EE92-59A1-42AF-A3EE-B8B34F88A717}"
EndProject
Project("{FAE04EC0-301F-11D3-BF4B-00C04F79EFBC}") = "Basket.Applicaation", "services\Basket\Basket.Applicaation\Basket.Applicaation.csproj", "{C3C80283-F44B-44F7-B944-1445D9C30FC4}"
EndProject
Project("{FAE04EC0-301F-11D3-BF4B-00C04F79EFBC}") = "Basket.Core", "services\Basket\Basket.Core\Basket.Core.csproj", "{74664A09-18BB-402B-A4C3-C54D908244DD}"
EndProject
Project("{FAE04EC0-301F-11D3-BF4B-00C04F79EFBC}") = "Basket.Infrastructure", "services\Basket\Basket.Infrastructure\Basket.Infrastructure.csproj", "{2D9D7B2E-29D4-4CE5-851E-410A83908677}"
EndProject
Project("{2150E333-8FDC-42A3-9474-1A3956D46DE8}") = "Discount", "Discount", "{70A4CF59-9976-4A6A-912B-B8542A8027E8}"
EndProject
Project("{FAE04EC0-301F-11D3-BF4B-00C04F79EFBC}") = "Discount.Api", "services\Discount\Discount.Api\Discount.Api.csproj", "{DCEC5902-D8D7-46C7-9733-6DF01A651BF7}"
EndProject
Project("{FAE04EC0-301F-11D3-BF4B-00C04F79EFBC}") = "Discount.Application", "services\Discount\Discount.Application\Discount.Application.csproj", "{4081AACC-3F0D-47A6-863D-10FF84826BC7}"
EndProject
Project("{FAE04EC0-301F-11D3-BF4B-00C04F79EFBC}") = "Discount.Core", "services\Discount\Discount.Core\Discount.Core.csproj", "{12ACE0A6-3FBE-48FC-A108-AC9D8CE4AB7F}"
EndProject
Project("{FAE04EC0-301F-11D3-BF4B-00C04F79EFBC}") = "Discount.Infrastructure", "services\Discount\Discount.Infrastructure\Discount.Infrastructure.csproj", "{43B0BECD-A1F6-4D4D-9FAD-0E19EDC21898}"
EndProject
Global
	GlobalSection(SolutionConfigurationPlatforms) = preSolution
		Debug|Any CPU = Debug|Any CPU
		Release|Any CPU = Release|Any CPU
	EndGlobalSection
	GlobalSection(ProjectConfigurationPlatforms) = postSolution
		{7CA3525F-9D96-4908-8306-02982544EF01}.Debug|Any CPU.ActiveCfg = Debug|Any CPU
		{7CA3525F-9D96-4908-8306-02982544EF01}.Debug|Any CPU.Build.0 = Debug|Any CPU
		{7CA3525F-9D96-4908-8306-02982544EF01}.Release|Any CPU.ActiveCfg = Release|Any CPU
		{7CA3525F-9D96-4908-8306-02982544EF01}.Release|Any CPU.Build.0 = Release|Any CPU
		{F11CCD31-4BE1-41BB-90D2-9561CC250698}.Debug|Any CPU.ActiveCfg = Debug|Any CPU
		{F11CCD31-4BE1-41BB-90D2-9561CC250698}.Debug|Any CPU.Build.0 = Debug|Any CPU
		{F11CCD31-4BE1-41BB-90D2-9561CC250698}.Release|Any CPU.ActiveCfg = Release|Any CPU
		{F11CCD31-4BE1-41BB-90D2-9561CC250698}.Release|Any CPU.Build.0 = Release|Any CPU
		{AF699BBA-450B-4032-8ACC-3CAB9BFEC76F}.Debug|Any CPU.ActiveCfg = Debug|Any CPU
		{AF699BBA-450B-4032-8ACC-3CAB9BFEC76F}.Debug|Any CPU.Build.0 = Debug|Any CPU
		{AF699BBA-450B-4032-8ACC-3CAB9BFEC76F}.Release|Any CPU.ActiveCfg = Release|Any CPU
		{AF699BBA-450B-4032-8ACC-3CAB9BFEC76F}.Release|Any CPU.Build.0 = Release|Any CPU
		{44BC32F3-45A0-4B7A-9321-D36D78C986A0}.Debug|Any CPU.ActiveCfg = Debug|Any CPU
		{44BC32F3-45A0-4B7A-9321-D36D78C986A0}.Debug|Any CPU.Build.0 = Debug|Any CPU
		{44BC32F3-45A0-4B7A-9321-D36D78C986A0}.Release|Any CPU.ActiveCfg = Release|Any CPU
		{44BC32F3-45A0-4B7A-9321-D36D78C986A0}.Release|Any CPU.Build.0 = Release|Any CPU
		{81DDED9D-158B-E303-5F62-77A2896D2A5A}.Debug|Any CPU.ActiveCfg = Debug|Any CPU
		{81DDED9D-158B-E303-5F62-77A2896D2A5A}.Debug|Any CPU.Build.0 = Debug|Any CPU
		{81DDED9D-158B-E303-5F62-77A2896D2A5A}.Release|Any CPU.ActiveCfg = Release|Any CPU
		{81DDED9D-158B-E303-5F62-77A2896D2A5A}.Release|Any CPU.Build.0 = Release|Any CPU
		{E740EE92-59A1-42AF-A3EE-B8B34F88A717}.Debug|Any CPU.ActiveCfg = Debug|Any CPU
		{E740EE92-59A1-42AF-A3EE-B8B34F88A717}.Debug|Any CPU.Build.0 = Debug|Any CPU
		{E740EE92-59A1-42AF-A3EE-B8B34F88A717}.Release|Any CPU.ActiveCfg = Release|Any CPU
		{E740EE92-59A1-42AF-A3EE-B8B34F88A717}.Release|Any CPU.Build.0 = Release|Any CPU
		{C3C80283-F44B-44F7-B944-1445D9C30FC4}.Debug|Any CPU.ActiveCfg = Debug|Any CPU
		{C3C80283-F44B-44F7-B944-1445D9C30FC4}.Debug|Any CPU.Build.0 = Debug|Any CPU
		{C3C80283-F44B-44F7-B944-1445D9C30FC4}.Release|Any CPU.ActiveCfg = Release|Any CPU
		{C3C80283-F44B-44F7-B944-1445D9C30FC4}.Release|Any CPU.Build.0 = Release|Any CPU
		{74664A09-18BB-402B-A4C3-C54D908244DD}.Debug|Any CPU.ActiveCfg = Debug|Any CPU
		{74664A09-18BB-402B-A4C3-C54D908244DD}.Debug|Any CPU.Build.0 = Debug|Any CPU
		{74664A09-18BB-402B-A4C3-C54D908244DD}.Release|Any CPU.ActiveCfg = Release|Any CPU
		{74664A09-18BB-402B-A4C3-C54D908244DD}.Release|Any CPU.Build.0 = Release|Any CPU
		{2D9D7B2E-29D4-4CE5-851E-410A83908677}.Debug|Any CPU.ActiveCfg = Debug|Any CPU
		{2D9D7B2E-29D4-4CE5-851E-410A83908677}.Debug|Any CPU.Build.0 = Debug|Any CPU
		{2D9D7B2E-29D4-4CE5-851E-410A83908677}.Release|Any CPU.ActiveCfg = Release|Any CPU
		{2D9D7B2E-29D4-4CE5-851E-410A83908677}.Release|Any CPU.Build.0 = Release|Any CPU
		{DCEC5902-D8D7-46C7-9733-6DF01A651BF7}.Debug|Any CPU.ActiveCfg = Debug|Any CPU
		{DCEC5902-D8D7-46C7-9733-6DF01A651BF7}.Debug|Any CPU.Build.0 = Debug|Any CPU
		{DCEC5902-D8D7-46C7-9733-6DF01A651BF7}.Release|Any CPU.ActiveCfg = Release|Any CPU
		{DCEC5902-D8D7-46C7-9733-6DF01A651BF7}.Release|Any CPU.Build.0 = Release|Any CPU
		{4081AACC-3F0D-47A6-863D-10FF84826BC7}.Debug|Any CPU.ActiveCfg = Debug|Any CPU
		{4081AACC-3F0D-47A6-863D-10FF84826BC7}.Debug|Any CPU.Build.0 = Debug|Any CPU
		{4081AACC-3F0D-47A6-863D-10FF84826BC7}.Release|Any CPU.ActiveCfg = Release|Any CPU
		{4081AACC-3F0D-47A6-863D-10FF84826BC7}.Release|Any CPU.Build.0 = Release|Any CPU
		{12ACE0A6-3FBE-48FC-A108-AC9D8CE4AB7F}.Debug|Any CPU.ActiveCfg = Debug|Any CPU
		{12ACE0A6-3FBE-48FC-A108-AC9D8CE4AB7F}.Debug|Any CPU.Build.0 = Debug|Any CPU
		{12ACE0A6-3FBE-48FC-A108-AC9D8CE4AB7F}.Release|Any CPU.ActiveCfg = Release|Any CPU
		{12ACE0A6-3FBE-48FC-A108-AC9D8CE4AB7F}.Release|Any CPU.Build.0 = Release|Any CPU
		{43B0BECD-A1F6-4D4D-9FAD-0E19EDC21898}.Debug|Any CPU.ActiveCfg = Debug|Any CPU
		{43B0BECD-A1F6-4D4D-9FAD-0E19EDC21898}.Debug|Any CPU.Build.0 = Debug|Any CPU
		{43B0BECD-A1F6-4D4D-9FAD-0E19EDC21898}.Release|Any CPU.ActiveCfg = Release|Any CPU
		{43B0BECD-A1F6-4D4D-9FAD-0E19EDC21898}.Release|Any CPU.Build.0 = Release|Any CPU
	EndGlobalSection
	GlobalSection(SolutionProperties) = preSolution
		HideSolutionNode = FALSE
	EndGlobalSection
	GlobalSection(NestedProjects) = preSolution
		{A81526FA-D148-4471-926B-1872C6A49B4E} = {02EA681E-C7D8-13C7-8484-4AC65E1B71E8}
		{7CA3525F-9D96-4908-8306-02982544EF01} = {A81526FA-D148-4471-926B-1872C6A49B4E}
		{F11CCD31-4BE1-41BB-90D2-9561CC250698} = {A81526FA-D148-4471-926B-1872C6A49B4E}
		{AF699BBA-450B-4032-8ACC-3CAB9BFEC76F} = {A81526FA-D148-4471-926B-1872C6A49B4E}
		{44BC32F3-45A0-4B7A-9321-D36D78C986A0} = {A81526FA-D148-4471-926B-1872C6A49B4E}
		{FCB9F314-86E1-4F0D-93C3-5018721C512F} = {02EA681E-C7D8-13C7-8484-4AC65E1B71E8}
		{E740EE92-59A1-42AF-A3EE-B8B34F88A717} = {FCB9F314-86E1-4F0D-93C3-5018721C512F}
		{C3C80283-F44B-44F7-B944-1445D9C30FC4} = {FCB9F314-86E1-4F0D-93C3-5018721C512F}
		{74664A09-18BB-402B-A4C3-C54D908244DD} = {FCB9F314-86E1-4F0D-93C3-5018721C512F}
		{2D9D7B2E-29D4-4CE5-851E-410A83908677} = {FCB9F314-86E1-4F0D-93C3-5018721C512F}
		{70A4CF59-9976-4A6A-912B-B8542A8027E8} = {02EA681E-C7D8-13C7-8484-4AC65E1B71E8}
		{DCEC5902-D8D7-46C7-9733-6DF01A651BF7} = {70A4CF59-9976-4A6A-912B-B8542A8027E8}
		{4081AACC-3F0D-47A6-863D-10FF84826BC7} = {70A4CF59-9976-4A6A-912B-B8542A8027E8}
		{12ACE0A6-3FBE-48FC-A108-AC9D8CE4AB7F} = {70A4CF59-9976-4A6A-912B-B8542A8027E8}
		{43B0BECD-A1F6-4D4D-9FAD-0E19EDC21898} = {70A4CF59-9976-4A6A-912B-B8542A8027E8}
	EndGlobalSection
	GlobalSection(ExtensibilityGlobals) = postSolution
		SolutionGuid = {75D8AB79-0F14-4412-B087-DF0CAE5E26D6}
	EndGlobalSection
EndGlobal
